lockfileVersion: '6.0'

dependencies:
  '@dprint/formatter':
    specifier: ^0.4.1
    version: 0.4.1
  '@dprint/typescript':
    specifier: ^0.93.2
    version: 0.93.2
  '@pothos/core':
    specifier: ^4.3.0
    version: 4.3.0(graphql@16.9.0)
  '@pothos/plugin-simple-objects':
    specifier: ^4.1.0
    version: 4.1.0(@pothos/core@4.3.0)(graphql@16.9.0)
  '@pothos/plugin-zod':
    specifier: ^4.1.0
    version: 4.1.0(@pothos/core@4.3.0)(graphql@16.9.0)(zod@3.23.8)
  '@tsconfig/node20':
    specifier: ^20.1.4
    version: 20.1.4
  '@tsconfig/strictest':
    specifier: ^2.0.5
    version: 2.0.5
  '@types/node':
    specifier: ^22.9.0
    version: 22.9.0
  async-cleanup:
    specifier: ^1.0.0
    version: 1.0.0
  dprint:
    specifier: ^0.47.5
    version: 0.47.5
  get-port:
    specifier: ^7.1.0
    version: 7.1.0
  graffle:
    specifier: 8.0.0-next.126
    version: 8.0.0-next.126(@dprint/formatter@0.4.1)(@dprint/typescript@0.93.2)(graphql@16.9.0)
  graphql:
    specifier: ^16.9.0
    version: 16.9.0
  graphql-scalars:
    specifier: ^1.23.0
    version: 1.23.0(graphql@16.9.0)
  graphql-yoga:
    specifier: ^5.10.2
    version: 5.10.2(graphql@16.9.0)
  tsx:
    specifier: ^4.19.2
    version: 4.19.2
  type-fest:
    specifier: ^4.27.0
    version: 4.27.0
  typescript:
    specifier: ^5.6.3
    version: 5.6.3

packages:

  /@dprint/darwin-arm64@0.47.5:
    resolution: {integrity: sha512-aVa3F//dkvEeNA7DCSlVcLxB0CV6zXpfbJZ/xsd+xgbayCXFuFr7qt0M6T4WP3gkQn5D7Zu8/pbXfRXQXo9qlQ==}
    cpu: [arm64]
    os: [darwin]
    requiresBuild: true
    dev: false
    optional: true

  /@dprint/darwin-x64@0.47.5:
    resolution: {integrity: sha512-84lmSLM/idIQ4UBkBHU1chP0WTldRjzLOEN22/XbdB1JGOIVN1pJIIU0lsmVWXaNI4SvGfty+thhGn73SSlQwA==}
    cpu: [x64]
    os: [darwin]
    requiresBuild: true
    dev: false
    optional: true

  /@dprint/formatter@0.4.1:
    resolution: {integrity: sha512-IB/GXdlMOvi0UhQQ9mcY15Fxcrc2JPadmo6tqefCNV0bptFq7YBpggzpqYXldBXDa04CbKJ+rDwO2eNRPE2+/g==}
    dev: false

  /@dprint/linux-arm64-glibc@0.47.5:
    resolution: {integrity: sha512-Zk7Ut9Trgl2ssGWx0u3YegnRQFXivKaK1fPEimg/uMwdaLtWFGvNs6DACAJk34d883zmDkTQvllqY1kc78CeBg==}
    cpu: [arm64]
    os: [linux]
    requiresBuild: true
    dev: false
    optional: true

  /@dprint/linux-arm64-musl@0.47.5:
    resolution: {integrity: sha512-KmCu1yX5+/2MbT9n0iAgSK1gc6sQBcDayq8QRO7TRSs+gTDAZ/yQXHkhLdlk5fWsTR1mDQPVRG+2nAjHDhk8EA==}
    cpu: [arm64]
    os: [linux]
    requiresBuild: true
    dev: false
    optional: true

  /@dprint/linux-x64-glibc@0.47.5:
    resolution: {integrity: sha512-oBwENMikvcM+eT6JdliMIM+TOiV4VuBJGK+AN1sTOW45VeiYvmzGPOQwCxVeFq4MnZkMfrycC/PAY3C7Vcuh6w==}
    cpu: [x64]
    os: [linux]
    requiresBuild: true
    dev: false
    optional: true

  /@dprint/linux-x64-musl@0.47.5:
    resolution: {integrity: sha512-B1IGyaP0k25JDhqmR/UpvgyNtnclBoXV7ZNQbvygehBkTeC69afwzpUxjQ2pKj2F9bl1Rby//fhsAFOg60PzsA==}
    cpu: [x64]
    os: [linux]
    requiresBuild: true
    dev: false
    optional: true

  /@dprint/typescript@0.93.2:
    resolution: {integrity: sha512-3tkjp77CTNYkRWh7ucA7ZhV6QBBpgFDZLBLzUxQ5zo0VTodEhnT9yw5UXEXjayuXkAexBE4fQWZcnVLWN92lcg==}
    dev: false

  /@dprint/win32-arm64@0.47.5:
    resolution: {integrity: sha512-tKSPwGWsKc+QAdsx6UQav9AY8WXm+B5Mx23ujliJJMRss6Dnlmg17NjbAnSBSqXSrfqaMeQx6d4gujPpOS3F9A==}
    cpu: [arm64]
    os: [win32]
    requiresBuild: true
    dev: false
    optional: true

  /@dprint/win32-x64@0.47.5:
    resolution: {integrity: sha512-ljbrGv5rDR00ziBFY6V+qLhtLHm2dsjgiFG9OU7kr3vHEj4eN31nwxU5W2mh0eMoRk7IbcJ5ahTJDLgoYdvfgw==}
    cpu: [x64]
    os: [win32]
    requiresBuild: true
    dev: false
    optional: true

  /@envelop/core@5.0.2:
    resolution: {integrity: sha512-tVL6OrMe6UjqLosiE+EH9uxh2TQC0469GwF4tE014ugRaDDKKVWwFwZe0TBMlcyHKh5MD4ZxktWo/1hqUxIuhw==}
    engines: {node: '>=18.0.0'}
    dependencies:
      '@envelop/types': 5.0.0
      tslib: 2.8.1
    dev: false

  /@envelop/types@5.0.0:
    resolution: {integrity: sha512-IPjmgSc4KpQRlO4qbEDnBEixvtb06WDmjKfi/7fkZaryh5HuOmTtixe1EupQI5XfXO8joc3d27uUZ0QdC++euA==}
    engines: {node: '>=18.0.0'}
    dependencies:
      tslib: 2.8.1
    dev: false

  /@esbuild/aix-ppc64@0.23.1:
    resolution: {integrity: sha512-6VhYk1diRqrhBAqpJEdjASR/+WVRtfjpqKuNw11cLiaWpAT/Uu+nokB+UJnevzy/P9C/ty6AOe0dwueMrGh/iQ==}
    engines: {node: '>=18'}
    cpu: [ppc64]
    os: [aix]
    requiresBuild: true
    dev: false
    optional: true

  /@esbuild/android-arm64@0.23.1:
    resolution: {integrity: sha512-xw50ipykXcLstLeWH7WRdQuysJqejuAGPd30vd1i5zSyKK3WE+ijzHmLKxdiCMtH1pHz78rOg0BKSYOSB/2Khw==}
    engines: {node: '>=18'}
    cpu: [arm64]
    os: [android]
    requiresBuild: true
    dev: false
    optional: true

  /@esbuild/android-arm@0.23.1:
    resolution: {integrity: sha512-uz6/tEy2IFm9RYOyvKl88zdzZfwEfKZmnX9Cj1BHjeSGNuGLuMD1kR8y5bteYmwqKm1tj8m4cb/aKEorr6fHWQ==}
    engines: {node: '>=18'}
    cpu: [arm]
    os: [android]
    requiresBuild: true
    dev: false
    optional: true

  /@esbuild/android-x64@0.23.1:
    resolution: {integrity: sha512-nlN9B69St9BwUoB+jkyU090bru8L0NA3yFvAd7k8dNsVH8bi9a8cUAUSEcEEgTp2z3dbEDGJGfP6VUnkQnlReg==}
    engines: {node: '>=18'}
    cpu: [x64]
    os: [android]
    requiresBuild: true
    dev: false
    optional: true

  /@esbuild/darwin-arm64@0.23.1:
    resolution: {integrity: sha512-YsS2e3Wtgnw7Wq53XXBLcV6JhRsEq8hkfg91ESVadIrzr9wO6jJDMZnCQbHm1Guc5t/CdDiFSSfWP58FNuvT3Q==}
    engines: {node: '>=18'}
    cpu: [arm64]
    os: [darwin]
    requiresBuild: true
    dev: false
    optional: true

  /@esbuild/darwin-x64@0.23.1:
    resolution: {integrity: sha512-aClqdgTDVPSEGgoCS8QDG37Gu8yc9lTHNAQlsztQ6ENetKEO//b8y31MMu2ZaPbn4kVsIABzVLXYLhCGekGDqw==}
    engines: {node: '>=18'}
    cpu: [x64]
    os: [darwin]
    requiresBuild: true
    dev: false
    optional: true

  /@esbuild/freebsd-arm64@0.23.1:
    resolution: {integrity: sha512-h1k6yS8/pN/NHlMl5+v4XPfikhJulk4G+tKGFIOwURBSFzE8bixw1ebjluLOjfwtLqY0kewfjLSrO6tN2MgIhA==}
    engines: {node: '>=18'}
    cpu: [arm64]
    os: [freebsd]
    requiresBuild: true
    dev: false
    optional: true

  /@esbuild/freebsd-x64@0.23.1:
    resolution: {integrity: sha512-lK1eJeyk1ZX8UklqFd/3A60UuZ/6UVfGT2LuGo3Wp4/z7eRTRYY+0xOu2kpClP+vMTi9wKOfXi2vjUpO1Ro76g==}
    engines: {node: '>=18'}
    cpu: [x64]
    os: [freebsd]
    requiresBuild: true
    dev: false
    optional: true

  /@esbuild/linux-arm64@0.23.1:
    resolution: {integrity: sha512-/93bf2yxencYDnItMYV/v116zff6UyTjo4EtEQjUBeGiVpMmffDNUyD9UN2zV+V3LRV3/on4xdZ26NKzn6754g==}
    engines: {node: '>=18'}
    cpu: [arm64]
    os: [linux]
    requiresBuild: true
    dev: false
    optional: true

  /@esbuild/linux-arm@0.23.1:
    resolution: {integrity: sha512-CXXkzgn+dXAPs3WBwE+Kvnrf4WECwBdfjfeYHpMeVxWE0EceB6vhWGShs6wi0IYEqMSIzdOF1XjQ/Mkm5d7ZdQ==}
    engines: {node: '>=18'}
    cpu: [arm]
    os: [linux]
    requiresBuild: true
    dev: false
    optional: true

  /@esbuild/linux-ia32@0.23.1:
    resolution: {integrity: sha512-VTN4EuOHwXEkXzX5nTvVY4s7E/Krz7COC8xkftbbKRYAl96vPiUssGkeMELQMOnLOJ8k3BY1+ZY52tttZnHcXQ==}
    engines: {node: '>=18'}
    cpu: [ia32]
    os: [linux]
    requiresBuild: true
    dev: false
    optional: true

  /@esbuild/linux-loong64@0.23.1:
    resolution: {integrity: sha512-Vx09LzEoBa5zDnieH8LSMRToj7ir/Jeq0Gu6qJ/1GcBq9GkfoEAoXvLiW1U9J1qE/Y/Oyaq33w5p2ZWrNNHNEw==}
    engines: {node: '>=18'}
    cpu: [loong64]
    os: [linux]
    requiresBuild: true
    dev: false
    optional: true

  /@esbuild/linux-mips64el@0.23.1:
    resolution: {integrity: sha512-nrFzzMQ7W4WRLNUOU5dlWAqa6yVeI0P78WKGUo7lg2HShq/yx+UYkeNSE0SSfSure0SqgnsxPvmAUu/vu0E+3Q==}
    engines: {node: '>=18'}
    cpu: [mips64el]
    os: [linux]
    requiresBuild: true
    dev: false
    optional: true

  /@esbuild/linux-ppc64@0.23.1:
    resolution: {integrity: sha512-dKN8fgVqd0vUIjxuJI6P/9SSSe/mB9rvA98CSH2sJnlZ/OCZWO1DJvxj8jvKTfYUdGfcq2dDxoKaC6bHuTlgcw==}
    engines: {node: '>=18'}
    cpu: [ppc64]
    os: [linux]
    requiresBuild: true
    dev: false
    optional: true

  /@esbuild/linux-riscv64@0.23.1:
    resolution: {integrity: sha512-5AV4Pzp80fhHL83JM6LoA6pTQVWgB1HovMBsLQ9OZWLDqVY8MVobBXNSmAJi//Csh6tcY7e7Lny2Hg1tElMjIA==}
    engines: {node: '>=18'}
    cpu: [riscv64]
    os: [linux]
    requiresBuild: true
    dev: false
    optional: true

  /@esbuild/linux-s390x@0.23.1:
    resolution: {integrity: sha512-9ygs73tuFCe6f6m/Tb+9LtYxWR4c9yg7zjt2cYkjDbDpV/xVn+68cQxMXCjUpYwEkze2RcU/rMnfIXNRFmSoDw==}
    engines: {node: '>=18'}
    cpu: [s390x]
    os: [linux]
    requiresBuild: true
    dev: false
    optional: true

  /@esbuild/linux-x64@0.23.1:
    resolution: {integrity: sha512-EV6+ovTsEXCPAp58g2dD68LxoP/wK5pRvgy0J/HxPGB009omFPv3Yet0HiaqvrIrgPTBuC6wCH1LTOY91EO5hQ==}
    engines: {node: '>=18'}
    cpu: [x64]
    os: [linux]
    requiresBuild: true
    dev: false
    optional: true

  /@esbuild/netbsd-x64@0.23.1:
    resolution: {integrity: sha512-aevEkCNu7KlPRpYLjwmdcuNz6bDFiE7Z8XC4CPqExjTvrHugh28QzUXVOZtiYghciKUacNktqxdpymplil1beA==}
    engines: {node: '>=18'}
    cpu: [x64]
    os: [netbsd]
    requiresBuild: true
    dev: false
    optional: true

  /@esbuild/openbsd-arm64@0.23.1:
    resolution: {integrity: sha512-3x37szhLexNA4bXhLrCC/LImN/YtWis6WXr1VESlfVtVeoFJBRINPJ3f0a/6LV8zpikqoUg4hyXw0sFBt5Cr+Q==}
    engines: {node: '>=18'}
    cpu: [arm64]
    os: [openbsd]
    requiresBuild: true
    dev: false
    optional: true

  /@esbuild/openbsd-x64@0.23.1:
    resolution: {integrity: sha512-aY2gMmKmPhxfU+0EdnN+XNtGbjfQgwZj43k8G3fyrDM/UdZww6xrWxmDkuz2eCZchqVeABjV5BpildOrUbBTqA==}
    engines: {node: '>=18'}
    cpu: [x64]
    os: [openbsd]
    requiresBuild: true
    dev: false
    optional: true

  /@esbuild/sunos-x64@0.23.1:
    resolution: {integrity: sha512-RBRT2gqEl0IKQABT4XTj78tpk9v7ehp+mazn2HbUeZl1YMdaGAQqhapjGTCe7uw7y0frDi4gS0uHzhvpFuI1sA==}
    engines: {node: '>=18'}
    cpu: [x64]
    os: [sunos]
    requiresBuild: true
    dev: false
    optional: true

  /@esbuild/win32-arm64@0.23.1:
    resolution: {integrity: sha512-4O+gPR5rEBe2FpKOVyiJ7wNDPA8nGzDuJ6gN4okSA1gEOYZ67N8JPk58tkWtdtPeLz7lBnY6I5L3jdsr3S+A6A==}
    engines: {node: '>=18'}
    cpu: [arm64]
    os: [win32]
    requiresBuild: true
    dev: false
    optional: true

  /@esbuild/win32-ia32@0.23.1:
    resolution: {integrity: sha512-BcaL0Vn6QwCwre3Y717nVHZbAa4UBEigzFm6VdsVdT/MbZ38xoj1X9HPkZhbmaBGUD1W8vxAfffbDe8bA6AKnQ==}
    engines: {node: '>=18'}
    cpu: [ia32]
    os: [win32]
    requiresBuild: true
    dev: false
    optional: true

  /@esbuild/win32-x64@0.23.1:
    resolution: {integrity: sha512-BHpFFeslkWrXWyUPnbKm+xYYVYruCinGcftSBaa8zoF9hZO4BcSCFUvHVTtzpIY6YzUnYtuEhZ+C9iEXjxnasg==}
    engines: {node: '>=18'}
    cpu: [x64]
    os: [win32]
    requiresBuild: true
    dev: false
    optional: true

  /@graphql-tools/executor@1.3.3(graphql@16.9.0):
    resolution: {integrity: sha512-lpkgokF6vjGHNluANOTsWoSM0vuvUuVpjY1810tvM6Vlyoq2tJ+nmqweGbMsq/GLhmZQP1lY/nOkj2zPJXLWiw==}
    engines: {node: '>=16.0.0'}
    peerDependencies:
      graphql: ^14.0.0 || ^15.0.0 || ^16.0.0 || ^17.0.0
    dependencies:
      '@graphql-tools/utils': 10.5.6(graphql@16.9.0)
      '@graphql-typed-document-node/core': 3.2.0(graphql@16.9.0)
      '@repeaterjs/repeater': 3.0.6
      graphql: 16.9.0
      tslib: 2.8.1
      value-or-promise: 1.0.12
    dev: false

  /@graphql-tools/merge@9.0.9(graphql@16.9.0):
    resolution: {integrity: sha512-w9yaU7UMRQvtkTYZHo+c7cS7LO7rqc2H6g3k0aUs8VE9YlFYG1bYdxvEPM5bloaoVqr5TmbqIZqzl1CHeJKilQ==}
    engines: {node: '>=16.0.0'}
    peerDependencies:
      graphql: ^14.0.0 || ^15.0.0 || ^16.0.0 || ^17.0.0
    dependencies:
      '@graphql-tools/utils': 10.5.6(graphql@16.9.0)
      graphql: 16.9.0
      tslib: 2.8.1
    dev: false

  /@graphql-tools/schema@10.0.8(graphql@16.9.0):
    resolution: {integrity: sha512-jkCSq+DdT6Rf/MN3oVz250AMFWZO0E5kh0C2K+kJfS80iBW7/7kLjiSbKz+WD9UBtsJPW2zyzKYC4ylU4jmnLw==}
    engines: {node: '>=16.0.0'}
    peerDependencies:
      graphql: ^14.0.0 || ^15.0.0 || ^16.0.0 || ^17.0.0
    dependencies:
      '@graphql-tools/merge': 9.0.9(graphql@16.9.0)
      '@graphql-tools/utils': 10.5.6(graphql@16.9.0)
      graphql: 16.9.0
      tslib: 2.8.1
      value-or-promise: 1.0.12
    dev: false

  /@graphql-tools/utils@10.5.6(graphql@16.9.0):
    resolution: {integrity: sha512-JAC44rhbLzXUHiltceyEpWkxmX4e45Dfg19wRFoA9EbDxQVbOzVNF76eEECdg0J1owFsJwfLqCwz7/6xzrovOw==}
    engines: {node: '>=16.0.0'}
    peerDependencies:
      graphql: ^14.0.0 || ^15.0.0 || ^16.0.0 || ^17.0.0
    dependencies:
      '@graphql-typed-document-node/core': 3.2.0(graphql@16.9.0)
      cross-inspect: 1.0.1
      dset: 3.1.4
      graphql: 16.9.0
      tslib: 2.8.1
    dev: false

  /@graphql-typed-document-node/core@3.2.0(graphql@16.9.0):
    resolution: {integrity: sha512-mB9oAsNCm9aM3/SOv4YtBMqZbYj10R7dkq8byBqxGY/ncFwhf2oQzMV+LCRlWoDSEBJ3COiR1yeDvMtsoOsuFQ==}
    peerDependencies:
      graphql: ^0.8.0 || ^0.9.0 || ^0.10.0 || ^0.11.0 || ^0.12.0 || ^0.13.0 || ^14.0.0 || ^15.0.0 || ^16.0.0 || ^17.0.0
    dependencies:
      graphql: 16.9.0
    dev: false

  /@graphql-yoga/logger@2.0.0:
    resolution: {integrity: sha512-Mg8psdkAp+YTG1OGmvU+xa6xpsAmSir0hhr3yFYPyLNwzUj95DdIwsMpKadDj9xDpYgJcH3Hp/4JMal9DhQimA==}
    engines: {node: '>=18.0.0'}
    dependencies:
      tslib: 2.8.1
    dev: false

  /@graphql-yoga/subscription@5.0.1:
    resolution: {integrity: sha512-1wCB1DfAnaLzS+IdoOzELGGnx1ODEg9nzQXFh4u2j02vAnne6d+v4A7HIH9EqzVdPLoAaMKXCZUUdKs+j3z1fg==}
    engines: {node: '>=18.0.0'}
    dependencies:
      '@graphql-yoga/typed-event-target': 3.0.0
      '@repeaterjs/repeater': 3.0.6
      '@whatwg-node/events': 0.1.2
      tslib: 2.8.1
    dev: false

  /@graphql-yoga/typed-event-target@3.0.0:
    resolution: {integrity: sha512-w+liuBySifrstuHbFrHoHAEyVnDFVib+073q8AeAJ/qqJfvFvAwUPLLtNohR/WDVRgSasfXtl3dcNuVJWN+rjg==}
    engines: {node: '>=18.0.0'}
    dependencies:
      '@repeaterjs/repeater': 3.0.6
      tslib: 2.8.1
    dev: false

  /@kamilkisiela/fast-url-parser@1.1.4:
    resolution: {integrity: sha512-gbkePEBupNydxCelHCESvFSFM8XPh1Zs/OAVRW/rKpEqPAl5PbOM90Si8mv9bvnR53uPD2s/FiRxdvSejpRJew==}
    dev: false

  /@molt/command@0.9.0:
    resolution: {integrity: sha512-1JI8dAlpqlZoXyKWVQggX7geFNPxBpocHIXQCsnxDjKy+3WX4SGyZVJXuLlqRRrX7FmQCuuMAfx642ovXmPA9g==}
    dependencies:
      '@molt/types': 0.2.0
      alge: 0.8.1
      chalk: 5.3.0
      lodash.camelcase: 4.3.0
      lodash.snakecase: 4.1.1
      readline-sync: 1.4.10
      string-length: 6.0.0
      strip-ansi: 7.1.0
      ts-toolbelt: 9.6.0
      type-fest: 4.27.0
      zod: 3.23.8
    dev: false

  /@molt/types@0.2.0:
    resolution: {integrity: sha512-p6ChnEZDGjg9PYPec9BK6Yp5/DdSrYQvXTBAtgrnqX6N36cZy37ql1c8Tc5LclfIYBNG7EZp8NBcRTYJwyi84g==}
    dependencies:
      ts-toolbelt: 9.6.0
    dev: false

  /@pothos/core@4.3.0(graphql@16.9.0):
    resolution: {integrity: sha512-i4nyI8wSCjxdHUomqQ2K3FH0Glklomfv4tJNifQVU9lPtQKoKaS69VxGv+fru0HAZzb1eC1XPEPN3XPCYcvZ7Q==}
    peerDependencies:
      graphql: '>=16.6.0'
    dependencies:
      graphql: 16.9.0
    dev: false

  /@pothos/plugin-simple-objects@4.1.0(@pothos/core@4.3.0)(graphql@16.9.0):
    resolution: {integrity: sha512-R4u3Hnd6btWt1XHG3bgBa463XbDgH380GRWg88FMrDfoqqkB1EI02gsWgmASqHHJgFI35V9Tc62loGy2XpTUyA==}
    peerDependencies:
      '@pothos/core': '*'
      graphql: '>=16.6.0'
    dependencies:
      '@pothos/core': 4.3.0(graphql@16.9.0)
      graphql: 16.9.0
    dev: false

  /@pothos/plugin-zod@4.1.0(@pothos/core@4.3.0)(graphql@16.9.0)(zod@3.23.8):
    resolution: {integrity: sha512-KNAFllvYTZimY+rjELNRRUNVyN2zhZ0jIGsTDb9QVYZ8c5EBT3tHjuImu7t12GHnOAkuTimCEk/VngyMUQpEyw==}
    peerDependencies:
      '@pothos/core': '*'
      graphql: '>=16.6.0'
      zod: '*'
    dependencies:
      '@pothos/core': 4.3.0(graphql@16.9.0)
      graphql: 16.9.0
      zod: 3.23.8
    dev: false

  /@repeaterjs/repeater@3.0.6:
    resolution: {integrity: sha512-Javneu5lsuhwNCryN+pXH93VPQ8g0dBX7wItHFgYiwQmzE1sVdg5tWHiOgHywzL2W21XQopa7IwIEnNbmeUJYA==}
    dev: false

  /@tsconfig/node20@20.1.4:
    resolution: {integrity: sha512-sqgsT69YFeLWf5NtJ4Xq/xAF8p4ZQHlmGW74Nu2tD4+g5fAsposc4ZfaaPixVu4y01BEiDCWLRDCvDM5JOsRxg==}
    dev: false

  /@tsconfig/strictest@2.0.5:
    resolution: {integrity: sha512-ec4tjL2Rr0pkZ5hww65c+EEPYwxOi4Ryv+0MtjeaSQRJyq322Q27eOQiFbuNgw2hpL4hB1/W/HBGk3VKS43osg==}
    dev: false

  /@types/node@22.9.0:
    resolution: {integrity: sha512-vuyHg81vvWA1Z1ELfvLko2c8f34gyA0zaic0+Rllc5lbCnbSyuvb2Oxpm6TAUAC/2xZN3QGqxBNggD1nNR2AfQ==}
    dependencies:
      undici-types: 6.19.8
    dev: false

  /@whatwg-node/events@0.1.2:
    resolution: {integrity: sha512-ApcWxkrs1WmEMS2CaLLFUEem/49erT3sxIVjpzU5f6zmVcnijtDSrhoK2zVobOIikZJdH63jdAXOrvjf6eOUNQ==}
    engines: {node: '>=18.0.0'}
    dependencies:
      tslib: 2.8.1
    dev: false

  /@whatwg-node/fetch@0.10.1:
    resolution: {integrity: sha512-gmPOLrsjSZWEZlr9Oe5+wWFBq3CG6fN13rGlM91Jsj/vZ95G9CCvrORGBAxMXy0AJGiC83aYiHXn3JzTzXQmbA==}
    engines: {node: '>=18.0.0'}
    dependencies:
      '@whatwg-node/node-fetch': 0.7.2
      urlpattern-polyfill: 10.0.0
    dev: false

  /@whatwg-node/node-fetch@0.7.2:
    resolution: {integrity: sha512-OAAEIbyspvQwkcRGutYN3D0a+hzQogvcZ7I3hf6vg742ZEq52yMJTGtkwjl3KZRmzzUltd/oEMxEGsXFLjnuLQ==}
    engines: {node: '>=18.0.0'}
    dependencies:
      '@kamilkisiela/fast-url-parser': 1.1.4
      busboy: 1.6.0
      fast-querystring: 1.1.2
      tslib: 2.8.1
    dev: false

  /@whatwg-node/server@0.9.55:
    resolution: {integrity: sha512-FW04dJZfgBGaGoHQosCTeSOXKksCVzMLMV5YZPMpUfEmkH8VeDjCIMguvw2cKgrjnLjwQ1J3irLg2eNQbLxLNg==}
    engines: {node: '>=18.0.0'}
    dependencies:
      '@whatwg-node/fetch': 0.10.1
      tslib: 2.8.1
    dev: false

  /alge@0.8.1:
    resolution: {integrity: sha512-kiV9nTt+XIauAXsowVygDxMZLplZxDWt0W8plE/nB32/V2ziM/P/TxDbSVK7FYIUt2Xo16h3/htDh199LNPCKQ==}
    dependencies:
      lodash.ismatch: 4.4.0
      remeda: 1.61.0
      ts-toolbelt: 9.6.0
      zod: 3.23.8
    dev: false

  /ansi-regex@6.1.0:
    resolution: {integrity: sha512-7HSX4QQb4CspciLpVFwyRe79O3xsIZDDLER21kERQ71oaPodF8jL725AgJMFAYbooIqolJoRLuM81SpeUkpkvA==}
    engines: {node: '>=12'}
    dev: false

  /async-cleanup@1.0.0:
    resolution: {integrity: sha512-nwvuXd9/HeN/dAOyi0JIVB/Ujk9+LUNX2jkyBr6p9tR//6084+rFAXMJYWFyN7FI8SPt+Pkkq+NKCA2mnLOfOA==}
    dev: false

  /busboy@1.6.0:
    resolution: {integrity: sha512-8SFQbg/0hQ9xy3UNTB0YEnsNBbWfhf7RtnzpL7TkBiTBRfrQ9Fxcnz7VJsleJpyp6rVLvXiuORqjlHi5q+PYuA==}
    engines: {node: '>=10.16.0'}
    dependencies:
      streamsearch: 1.1.0
    dev: false

  /chalk@5.3.0:
    resolution: {integrity: sha512-dLitG79d+GV1Nb/VYcCDFivJeK1hiukt9QjRNVOsUtTy1rR1YJsmpGGTZ3qJos+uw7WmWF4wUwBd9jxjocFC2w==}
    engines: {node: ^12.17.0 || ^14.13 || >=16.0.0}
    dev: false

  /cross-inspect@1.0.1:
    resolution: {integrity: sha512-Pcw1JTvZLSJH83iiGWt6fRcT+BjZlCDRVwYLbUcHzv/CRpB7r0MlSrGbIyQvVSNyGnbt7G4AXuyCiDR3POvZ1A==}
    engines: {node: '>=16.0.0'}
    dependencies:
      tslib: 2.8.1
    dev: false

  /dprint@0.47.5:
    resolution: {integrity: sha512-EAP3OLYZXiW66HKMlhu6Gu0o7mzBVTWyMyuAAgT7dBtMX+W+pPJmIwyRUnTRQNyyFO4S7bAaa21rzIgo97Bg9A==}
    hasBin: true
    requiresBuild: true
    optionalDependencies:
      '@dprint/darwin-arm64': 0.47.5
      '@dprint/darwin-x64': 0.47.5
      '@dprint/linux-arm64-glibc': 0.47.5
      '@dprint/linux-arm64-musl': 0.47.5
      '@dprint/linux-x64-glibc': 0.47.5
      '@dprint/linux-x64-musl': 0.47.5
      '@dprint/win32-arm64': 0.47.5
      '@dprint/win32-x64': 0.47.5
    dev: false

  /dset@3.1.4:
    resolution: {integrity: sha512-2QF/g9/zTaPDc3BjNcVTGoBbXBgYfMTTceLaYcFJ/W9kggFUkhxD/hMEeuLKbugyef9SqAx8cpgwlIP/jinUTA==}
    engines: {node: '>=4'}
    dev: false

  /es-toolkit@1.27.0:
    resolution: {integrity: sha512-ETSFA+ZJArcuSCpzD2TjAy6UHpx4E4uqFsoDg9F/nTLogrLmVVZQ+zNxco5h7cWnA1nNak07IXsLcaSMih+ZPQ==}
    dev: false

  /esbuild@0.23.1:
    resolution: {integrity: sha512-VVNz/9Sa0bs5SELtn3f7qhJCDPCF5oMEl5cO9/SSinpE9hbPVvxbd572HH5AKiP7WD8INO53GgfDDhRjkylHEg==}
    engines: {node: '>=18'}
    hasBin: true
    requiresBuild: true
    optionalDependencies:
      '@esbuild/aix-ppc64': 0.23.1
      '@esbuild/android-arm': 0.23.1
      '@esbuild/android-arm64': 0.23.1
      '@esbuild/android-x64': 0.23.1
      '@esbuild/darwin-arm64': 0.23.1
      '@esbuild/darwin-x64': 0.23.1
      '@esbuild/freebsd-arm64': 0.23.1
      '@esbuild/freebsd-x64': 0.23.1
      '@esbuild/linux-arm': 0.23.1
      '@esbuild/linux-arm64': 0.23.1
      '@esbuild/linux-ia32': 0.23.1
      '@esbuild/linux-loong64': 0.23.1
      '@esbuild/linux-mips64el': 0.23.1
      '@esbuild/linux-ppc64': 0.23.1
      '@esbuild/linux-riscv64': 0.23.1
      '@esbuild/linux-s390x': 0.23.1
      '@esbuild/linux-x64': 0.23.1
      '@esbuild/netbsd-x64': 0.23.1
      '@esbuild/openbsd-arm64': 0.23.1
      '@esbuild/openbsd-x64': 0.23.1
      '@esbuild/sunos-x64': 0.23.1
      '@esbuild/win32-arm64': 0.23.1
      '@esbuild/win32-ia32': 0.23.1
      '@esbuild/win32-x64': 0.23.1
    dev: false

  /fast-decode-uri-component@1.0.1:
    resolution: {integrity: sha512-WKgKWg5eUxvRZGwW8FvfbaH7AXSh2cL+3j5fMGzUMCxWBJ3dV3a7Wz8y2f/uQ0e3B6WmodD3oS54jTQ9HVTIIg==}
    dev: false

  /fast-querystring@1.1.2:
    resolution: {integrity: sha512-g6KuKWmFXc0fID8WWH0jit4g0AGBoJhCkJMb1RmbsSEUNvQ+ZC8D6CUZ+GtF8nMzSPXnhiePyyqqipzNNEnHjg==}
    dependencies:
      fast-decode-uri-component: 1.0.1
    dev: false

  /fsevents@2.3.3:
    resolution: {integrity: sha512-5xoDfX+fL7faATnagmWPpbFtwh/R77WmMMqqHGS65C3vvB0YHrgF+B1YmZ3441tMj5n63k0212XNoJwzlhffQw==}
    engines: {node: ^8.16.0 || ^10.6.0 || >=11.0.0}
    os: [darwin]
    requiresBuild: true
    dev: false
    optional: true

  /get-port@7.1.0:
    resolution: {integrity: sha512-QB9NKEeDg3xxVwCCwJQ9+xycaz6pBB6iQ76wiWMl1927n0Kir6alPiP+yuiICLLU4jpMe08dXfpebuQppFA2zw==}
    engines: {node: '>=16'}
    dev: false

  /get-tsconfig@4.8.1:
    resolution: {integrity: sha512-k9PN+cFBmaLWtVz29SkUoqU5O0slLuHJXt/2P+tMVFT+phsSGXGkp9t3rQIqdz0e+06EHNGs3oM6ZX1s2zHxRg==}
    dependencies:
      resolve-pkg-maps: 1.0.0
    dev: false

  /graffle@8.0.0-next.126(@dprint/formatter@0.4.1)(@dprint/typescript@0.93.2)(graphql@16.9.0):
    resolution: {integrity: sha512-vLVJcVKbwkowdUR3/eJmBT5vM6Yfj11/iUhYuHI/LSajc+qkZOKsPzqHVG2FephCxDyipQLEhoRRmmP7IVwVKg==}
    hasBin: true
    peerDependencies:
      '@dprint/formatter': ^0.4.0
      '@dprint/typescript': ^0.93.0
      '@opentelemetry/api': ^1.9.0
      graphql: 14 - 16
      prettier: ^3.3.3
    peerDependenciesMeta:
      '@dprint/formatter':
        optional: true
      '@dprint/typescript':
        optional: true
      '@opentelemetry/api':
        optional: true
      prettier:
        optional: true
    dependencies:
      '@dprint/formatter': 0.4.1
      '@dprint/typescript': 0.93.2
      '@graphql-typed-document-node/core': 3.2.0(graphql@16.9.0)
      '@molt/command': 0.9.0
      es-toolkit: 1.27.0
      graphql: 16.9.0
      is-plain-obj: 4.1.0
    dev: false

  /graphql-scalars@1.23.0(graphql@16.9.0):
    resolution: {integrity: sha512-YTRNcwitkn8CqYcleKOx9IvedA8JIERn8BRq21nlKgOr4NEcTaWEG0sT+H92eF3ALTFbPgsqfft4cw+MGgv0Gg==}
    engines: {node: '>=10'}
    peerDependencies:
      graphql: ^0.8.0 || ^0.9.0 || ^0.10.0 || ^0.11.0 || ^0.12.0 || ^0.13.0 || ^14.0.0 || ^15.0.0 || ^16.0.0
    dependencies:
      graphql: 16.9.0
      tslib: 2.8.1
    dev: false

  /graphql-yoga@5.10.2(graphql@16.9.0):
    resolution: {integrity: sha512-LcbNUFCsCsv3enjGnXCUQNSKxM49iB4uF9H2Vb3WChBOSQjzqI1d83mvgMTgMVtrZYlKjgM/magMQZV211N2LA==}
    engines: {node: '>=18.0.0'}
    peerDependencies:
      graphql: ^15.2.0 || ^16.0.0
    dependencies:
      '@envelop/core': 5.0.2
      '@graphql-tools/executor': 1.3.3(graphql@16.9.0)
      '@graphql-tools/schema': 10.0.8(graphql@16.9.0)
      '@graphql-tools/utils': 10.5.6(graphql@16.9.0)
      '@graphql-yoga/logger': 2.0.0
      '@graphql-yoga/subscription': 5.0.1
      '@whatwg-node/fetch': 0.10.1
      '@whatwg-node/server': 0.9.55
      dset: 3.1.4
      graphql: 16.9.0
      lru-cache: 10.4.3
      tslib: 2.8.1
    dev: false

  /graphql@16.9.0:
    resolution: {integrity: sha512-GGTKBX4SD7Wdb8mqeDLni2oaRGYQWjWHGKPQ24ZMnUtKfcsVoiv4uX8+LJr1K6U5VW2Lu1BwJnj7uiori0YtRw==}
    engines: {node: ^12.22.0 || ^14.16.0 || ^16.0.0 || >=17.0.0}
    dev: false

  /is-plain-obj@4.1.0:
    resolution: {integrity: sha512-+Pgi+vMuUNkJyExiMBt5IlFoMyKnr5zhJ4Uspz58WOhBF5QoIZkFyNHIbBAtHwzVAgk5RtndVNsDRN61/mmDqg==}
    engines: {node: '>=12'}
    dev: false

  /lodash.camelcase@4.3.0:
    resolution: {integrity: sha512-TwuEnCnxbc3rAvhf/LbG7tJUDzhqXyFnv3dtzLOPgCG/hODL7WFnsbwktkD7yUV0RrreP/l1PALq/YSg6VvjlA==}
    dev: false

  /lodash.ismatch@4.4.0:
    resolution: {integrity: sha512-fPMfXjGQEV9Xsq/8MTSgUf255gawYRbjwMyDbcvDhXgV7enSZA0hynz6vMPnpAb5iONEzBHBPsT+0zes5Z301g==}
    dev: false

  /lodash.snakecase@4.1.1:
    resolution: {integrity: sha512-QZ1d4xoBHYUeuouhEq3lk3Uq7ldgyFXGBhg04+oRLnIz8o9T65Eh+8YdroUwn846zchkA9yDsDl5CVVaV2nqYw==}
    dev: false

  /lru-cache@10.4.3:
    resolution: {integrity: sha512-JNAzZcXrCt42VGLuYz0zfAzDfAvJWW6AfYlDBQyDV5DClI2m5sAmK+OIO7s59XfsRsWHp02jAJrRadPRGTt6SQ==}
    dev: false

  /readline-sync@1.4.10:
    resolution: {integrity: sha512-gNva8/6UAe8QYepIQH/jQ2qn91Qj0B9sYjMBBs3QOB8F2CXcKgLxQaJRP76sWVRQt+QU+8fAkCbCvjjMFu7Ycw==}
    engines: {node: '>= 0.8.0'}
    dev: false

  /remeda@1.61.0:
    resolution: {integrity: sha512-caKfSz9rDeSKBQQnlJnVW3mbVdFgxgGWQKq1XlFokqjf+hQD5gxutLGTTY2A/x24UxVyJe9gH5fAkFI63ULw4A==}
    dev: false

  /resolve-pkg-maps@1.0.0:
    resolution: {integrity: sha512-seS2Tj26TBVOC2NIc2rOe2y2ZO7efxITtLZcGSOnHHNOQ7CkiUBfw0Iw2ck6xkIhPwLhKNLS8BO+hEpngQlqzw==}
    dev: false

  /streamsearch@1.1.0:
    resolution: {integrity: sha512-Mcc5wHehp9aXz1ax6bZUyY5afg9u2rv5cqQI3mRrYkGC8rW2hM02jWuwjtL++LS5qinSyhj2QfLyNsuc+VsExg==}
    engines: {node: '>=10.0.0'}
    dev: false

  /string-length@6.0.0:
    resolution: {integrity: sha512-1U361pxZHEQ+FeSjzqRpV+cu2vTzYeWeafXFLykiFlv4Vc0n3njgU8HrMbyik5uwm77naWMuVG8fhEF+Ovb1Kg==}
    engines: {node: '>=16'}
    dependencies:
      strip-ansi: 7.1.0
    dev: false

  /strip-ansi@7.1.0:
    resolution: {integrity: sha512-iq6eVVI64nQQTRYq2KtEg2d2uU7LElhTJwsH4YzIHZshxlgZms/wIc4VoDQTlG/IvVIrBKG06CrZnp0qv7hkcQ==}
    engines: {node: '>=12'}
    dependencies:
      ansi-regex: 6.1.0
    dev: false

  /ts-toolbelt@9.6.0:
    resolution: {integrity: sha512-nsZd8ZeNUzukXPlJmTBwUAuABDe/9qtVDelJeT/qW0ow3ZS3BsQJtNkan1802aM9Uf68/Y8ljw86Hu0h5IUW3w==}
    dev: false

  /tslib@2.8.1:
    resolution: {integrity: sha512-oJFu94HQb+KVduSUQL7wnpmqnfmLsOA/nAh6b6EH0wCEoK0/mPeXU6c3wKDV83MkOuHPRHtSXKKU99IBazS/2w==}
    dev: false

  /tsx@4.19.2:
    resolution: {integrity: sha512-pOUl6Vo2LUq/bSa8S5q7b91cgNSjctn9ugq/+Mvow99qW6x/UZYwzxy/3NmqoT66eHYfCVvFvACC58UBPFf28g==}
    engines: {node: '>=18.0.0'}
    hasBin: true
    dependencies:
      esbuild: 0.23.1
      get-tsconfig: 4.8.1
    optionalDependencies:
      fsevents: 2.3.3
    dev: false

  /type-fest@4.27.0:
    resolution: {integrity: sha512-3IMSWgP7C5KSQqmo1wjhKrwsvXAtF33jO3QY+Uy++ia7hqvgSK6iXbbg5PbDBc1P2ZbNEDgejOrN4YooXvhwCw==}
    engines: {node: '>=16'}
    dev: false

  /typescript@5.6.3:
    resolution: {integrity: sha512-hjcS1mhfuyi4WW8IWtjP7brDrG2cuDZukyrYrSauoXGNgx0S7zceP07adYkJycEr56BOUTNPzbInooiN3fn1qw==}
    engines: {node: '>=14.17'}
    hasBin: true
    dev: false

  /undici-types@6.19.8:
    resolution: {integrity: sha512-ve2KP6f/JnbPBFyobGHuerC9g1FYGn/F8n1LWTwNxCEzd6IfqTwUQcNXgEtmmQ6DlRrC1hrSrBnCZPokRrDHjw==}
    dev: false

  /urlpattern-polyfill@10.0.0:
    resolution: {integrity: sha512-H/A06tKD7sS1O1X2SshBVeA5FLycRpjqiBeqGKmBwBDBy28EnRjORxTNe269KSSr5un5qyWi1iL61wLxpd+ZOg==}
    dev: false

  /value-or-promise@1.0.12:
    resolution: {integrity: sha512-Z6Uz+TYwEqE7ZN50gwn+1LCVo9ZVrpxRPOhOLnncYkY1ZzOYtrX8Fwf/rFktZ8R5mJms6EZf5TqNOMeZmnPq9Q==}
    engines: {node: '>=12'}
    dev: false

  /zod@3.23.8:
    resolution: {integrity: sha512-XBx9AXhXktjUqnepgTiE5flcKIYWi/rme0Eaj+5Y0lftuGBq+jyRu/md4WnuxqgP1ubdpNCsYEYPxrzVHD8d6g==}
    dev: false
